
Microsoft Visual Studio Solution File, Format Version 12.00
# Visual Studio Version 17
VisualStudioVersion = 17.14.36301.6 d17.14
MinimumVisualStudioVersion = 10.0.40219.1
Project("{FAE04EC0-301F-11D3-BF4B-00C04F79EFBC}") = "ijunior-cs", "ijunior-cs.csproj", "{9C0258D6-F907-4512-AC3F-F408BF22DF5F}"
EndProject
Global
	GlobalSection(SolutionConfigurationPlatforms) = preSolution
		Debug|Any CPU = Debug|Any CPU
		Release|Any CPU = Release|Any CPU
	EndGlobalSection
	GlobalSection(ProjectConfigurationPlatforms) = postSolution
		{9C0258D6-F907-4512-AC3F-F408BF22DF5F}.Debug|Any CPU.ActiveCfg = Debug|Any CPU
		{9C0258D6-F907-4512-AC3F-F408BF22DF5F}.Debug|Any CPU.Build.0 = Debug|Any CPU
		{9C0258D6-F907-4512-AC3F-F408BF22DF5F}.Release|Any CPU.ActiveCfg = Release|Any CPU
		{9C0258D6-F907-4512-AC3F-F408BF22DF5F}.Release|Any CPU.Build.0 = Release|Any CPU
	EndGlobalSection
	GlobalSection(SolutionProperties) = preSolution
		HideSolutionNode = FALSE
	EndGlobalSection
	GlobalSection(ExtensibilityGlobals) = postSolution
		SolutionGuid = {0E8D686B-D6F9-41AC-9986-ECE810DA635A}
	EndGlobalSection
EndGlobal
